
Microsoft Visual Studio Solution File, Format Version 12.00
# Visual Studio Version 17
VisualStudioVersion = 17.3.32929.385
MinimumVisualStudioVersion = 10.0.40219.1
Project("{FAE04EC0-301F-11D3-BF4B-00C04F79EFBC}") = "CalculatorGravitatieSpace_sl", "CalculatorGravitatieSpace_sl\CalculatorGravitatieSpace_sl.csproj", "{A71319A5-19A6-44BA-A643-F9DB5C91EC24}"
EndProject
Global
	GlobalSection(SolutionConfigurationPlatforms) = preSolution
		Debug|Any CPU = Debug|Any CPU
		Release|Any CPU = Release|Any CPU
	EndGlobalSection
	GlobalSection(ProjectConfigurationPlatforms) = postSolution
		{A71319A5-19A6-44BA-A643-F9DB5C91EC24}.Debug|Any CPU.ActiveCfg = Debug|Any CPU
		{A71319A5-19A6-44BA-A643-F9DB5C91EC24}.Debug|Any CPU.Build.0 = Debug|Any CPU
		{A71319A5-19A6-44BA-A643-F9DB5C91EC24}.Release|Any CPU.ActiveCfg = Release|Any CPU
		{A71319A5-19A6-44BA-A643-F9DB5C91EC24}.Release|Any CPU.Build.0 = Release|Any CPU
	EndGlobalSection
	GlobalSection(SolutionProperties) = preSolution
		HideSolutionNode = FALSE
	EndGlobalSection
	GlobalSection(ExtensibilityGlobals) = postSolution
		SolutionGuid = {FB58F74C-1661-4550-A7F5-978C6EB55305}
	EndGlobalSection
EndGlobal
